// !$*UTF8*$!
{
	archiveVersion = 1;
	classes = {
	};
	objectVersion = 50;
	objects = {

/* Begin PBXBuildFile section */
		9E5428ED2373A7A300B35C74 /* AppDelegate.swift in Sources */ = {isa = PBXBuildFile; fileRef = 9E5428EC2373A7A300B35C74 /* AppDelegate.swift */; };
		9E5428EF2373A7A300B35C74 /* SceneDelegate.swift in Sources */ = {isa = PBXBuildFile; fileRef = 9E5428EE2373A7A300B35C74 /* SceneDelegate.swift */; };
		9E5428F22373A7A300B35C74 /* UPCRideiOS.xcdatamodeld in Sources */ = {isa = PBXBuildFile; fileRef = 9E5428F02373A7A300B35C74 /* UPCRideiOS.xcdatamodeld */; };
		9E5428F42373A7A300B35C74 /* ContentView.swift in Sources */ = {isa = PBXBuildFile; fileRef = 9E5428F32373A7A300B35C74 /* ContentView.swift */; };
		9E5428F62373A7AA00B35C74 /* Assets.xcassets in Resources */ = {isa = PBXBuildFile; fileRef = 9E5428F52373A7AA00B35C74 /* Assets.xcassets */; };
		9E5428F92373A7AA00B35C74 /* Preview Assets.xcassets in Resources */ = {isa = PBXBuildFile; fileRef = 9E5428F82373A7AA00B35C74 /* Preview Assets.xcassets */; };
		9E5428FC2373A7AA00B35C74 /* LaunchScreen.storyboard in Resources */ = {isa = PBXBuildFile; fileRef = 9E5428FA2373A7AA00B35C74 /* LaunchScreen.storyboard */; };
		9E5429072373A7AB00B35C74 /* UPCRideiOSTests.swift in Sources */ = {isa = PBXBuildFile; fileRef = 9E5429062373A7AB00B35C74 /* UPCRideiOSTests.swift */; };
		9E5429122373A7AB00B35C74 /* UPCRideiOSUITests.swift in Sources */ = {isa = PBXBuildFile; fileRef = 9E5429112373A7AB00B35C74 /* UPCRideiOSUITests.swift */; };
		9E8AF06A2373E1670092E289 /* ViajeViewModel.swift in Sources */ = {isa = PBXBuildFile; fileRef = 9E8AF0692373E1670092E289 /* ViajeViewModel.swift */; };
		9E8AF06C23746F160092E289 /* HomeView.swift in Sources */ = {isa = PBXBuildFile; fileRef = 9E8AF06B23746F160092E289 /* HomeView.swift */; };
		9E8AF06E23747CE10092E289 /* ViajesView.swift in Sources */ = {isa = PBXBuildFile; fileRef = 9E8AF06D23747CE10092E289 /* ViajesView.swift */; };
		9E8AF0702374A4410092E289 /* MiViajeCardView.swift in Sources */ = {isa = PBXBuildFile; fileRef = 9E8AF06F2374A4410092E289 /* MiViajeCardView.swift */; };
		9E8AF0722374AE220092E289 /* SolicitudCardView.swift in Sources */ = {isa = PBXBuildFile; fileRef = 9E8AF0712374AE220092E289 /* SolicitudCardView.swift */; };
		9E8AF0742374B16A0092E289 /* SolicitudesView.swift in Sources */ = {isa = PBXBuildFile; fileRef = 9E8AF0732374B16A0092E289 /* SolicitudesView.swift */; };
		9E8AF0772374B6B20092E289 /* SolicitudPrueba.swift in Sources */ = {isa = PBXBuildFile; fileRef = 9E8AF0762374B6B20092E289 /* SolicitudPrueba.swift */; };
		9E8AF0792374B6BF0092E289 /* UsuarioViewModel.swift in Sources */ = {isa = PBXBuildFile; fileRef = 9E8AF0782374B6BF0092E289 /* UsuarioViewModel.swift */; };
		9E8AF07B2374B9EC0092E289 /* PerfilView.swift in Sources */ = {isa = PBXBuildFile; fileRef = 9E8AF07A2374B9EC0092E289 /* PerfilView.swift */; };
		9E8AF07D2374CE3F0092E289 /* MainView.swift in Sources */ = {isa = PBXBuildFile; fileRef = 9E8AF07C2374CE3F0092E289 /* MainView.swift */; };
		9E8AF07F2374DA0A0092E289 /* LoginView.swift in Sources */ = {isa = PBXBuildFile; fileRef = 9E8AF07E2374DA0A0092E289 /* LoginView.swift */; };
		9ED5BD492373BD8700126CC6 /* ViajeCardView.swift in Sources */ = {isa = PBXBuildFile; fileRef = 9ED5BD482373BD8700126CC6 /* ViajeCardView.swift */; };
		EC473DF023753D9700784881 /* ApiServiceViajes.swift in Sources */ = {isa = PBXBuildFile; fileRef = EC473DEF23753D9700784881 /* ApiServiceViajes.swift */; };
		EC550E642373D2C100BA11A2 /* Viaje.swift in Sources */ = {isa = PBXBuildFile; fileRef = EC550E632373D2C100BA11A2 /* Viaje.swift */; };
		EC550E682373D45F00BA11A2 /* Usuario.swift in Sources */ = {isa = PBXBuildFile; fileRef = EC550E672373D45F00BA11A2 /* Usuario.swift */; };
		EC550E6A2373D46C00BA11A2 /* Solicitud.swift in Sources */ = {isa = PBXBuildFile; fileRef = EC550E692373D46B00BA11A2 /* Solicitud.swift */; };
		EC550E6C2373D47D00BA11A2 /* Resena.swift in Sources */ = {isa = PBXBuildFile; fileRef = EC550E6B2373D47D00BA11A2 /* Resena.swift */; };
		EC550E6E2373D95100BA11A2 /* RegistrarUsuarioForm.swift in Sources */ = {isa = PBXBuildFile; fileRef = EC550E6D2373D95100BA11A2 /* RegistrarUsuarioForm.swift */; };
		ECC770232374E6CC00DC78EC /* ApiServiceManager.swift in Sources */ = {isa = PBXBuildFile; fileRef = ECC770222374E6CC00DC78EC /* ApiServiceManager.swift */; };
		ECCC6AEA2385E08600BA1A72 /* ViajeListViewModel.swift in Sources */ = {isa = PBXBuildFile; fileRef = ECCC6AE92385E08600BA1A72 /* ViajeListViewModel.swift */; };
		ECCC6AEC2385EB8300BA1A72 /* ApiServiceUsuario.swift in Sources */ = {isa = PBXBuildFile; fileRef = ECCC6AEB2385EB8300BA1A72 /* ApiServiceUsuario.swift */; };
		ECCC6AEE2385EE3400BA1A72 /* RegistrarUsuarioConductorForm.swift in Sources */ = {isa = PBXBuildFile; fileRef = ECCC6AED2385EE3400BA1A72 /* RegistrarUsuarioConductorForm.swift */; };
/* End PBXBuildFile section */

/* Begin PBXContainerItemProxy section */
		9E5429032373A7AB00B35C74 /* PBXContainerItemProxy */ = {
			isa = PBXContainerItemProxy;
			containerPortal = 9E5428E12373A7A300B35C74 /* Project object */;
			proxyType = 1;
			remoteGlobalIDString = 9E5428E82373A7A300B35C74;
			remoteInfo = UPCRideiOS;
		};
		9E54290E2373A7AB00B35C74 /* PBXContainerItemProxy */ = {
			isa = PBXContainerItemProxy;
			containerPortal = 9E5428E12373A7A300B35C74 /* Project object */;
			proxyType = 1;
			remoteGlobalIDString = 9E5428E82373A7A300B35C74;
			remoteInfo = UPCRideiOS;
		};
/* End PBXContainerItemProxy section */

/* Begin PBXFileReference section */
		9E5428E92373A7A300B35C74 /* UPCRideiOS.app */ = {isa = PBXFileReference; explicitFileType = wrapper.application; includeInIndex = 0; path = UPCRideiOS.app; sourceTree = BUILT_PRODUCTS_DIR; };
		9E5428EC2373A7A300B35C74 /* AppDelegate.swift */ = {isa = PBXFileReference; lastKnownFileType = sourcecode.swift; path = AppDelegate.swift; sourceTree = "<group>"; };
		9E5428EE2373A7A300B35C74 /* SceneDelegate.swift */ = {isa = PBXFileReference; lastKnownFileType = sourcecode.swift; path = SceneDelegate.swift; sourceTree = "<group>"; };
		9E5428F12373A7A300B35C74 /* UPCRideiOS.xcdatamodel */ = {isa = PBXFileReference; lastKnownFileType = wrapper.xcdatamodel; path = UPCRideiOS.xcdatamodel; sourceTree = "<group>"; };
		9E5428F32373A7A300B35C74 /* ContentView.swift */ = {isa = PBXFileReference; lastKnownFileType = sourcecode.swift; path = ContentView.swift; sourceTree = "<group>"; };
		9E5428F52373A7AA00B35C74 /* Assets.xcassets */ = {isa = PBXFileReference; lastKnownFileType = folder.assetcatalog; path = Assets.xcassets; sourceTree = "<group>"; };
		9E5428F82373A7AA00B35C74 /* Preview Assets.xcassets */ = {isa = PBXFileReference; lastKnownFileType = folder.assetcatalog; path = "Preview Assets.xcassets"; sourceTree = "<group>"; };
		9E5428FB2373A7AA00B35C74 /* Base */ = {isa = PBXFileReference; lastKnownFileType = file.storyboard; name = Base; path = Base.lproj/LaunchScreen.storyboard; sourceTree = "<group>"; };
		9E5428FD2373A7AA00B35C74 /* Info.plist */ = {isa = PBXFileReference; lastKnownFileType = text.plist.xml; path = Info.plist; sourceTree = "<group>"; };
		9E5429022373A7AB00B35C74 /* UPCRideiOSTests.xctest */ = {isa = PBXFileReference; explicitFileType = wrapper.cfbundle; includeInIndex = 0; path = UPCRideiOSTests.xctest; sourceTree = BUILT_PRODUCTS_DIR; };
		9E5429062373A7AB00B35C74 /* UPCRideiOSTests.swift */ = {isa = PBXFileReference; lastKnownFileType = sourcecode.swift; path = UPCRideiOSTests.swift; sourceTree = "<group>"; };
		9E5429082373A7AB00B35C74 /* Info.plist */ = {isa = PBXFileReference; lastKnownFileType = text.plist.xml; path = Info.plist; sourceTree = "<group>"; };
		9E54290D2373A7AB00B35C74 /* UPCRideiOSUITests.xctest */ = {isa = PBXFileReference; explicitFileType = wrapper.cfbundle; includeInIndex = 0; path = UPCRideiOSUITests.xctest; sourceTree = BUILT_PRODUCTS_DIR; };
		9E5429112373A7AB00B35C74 /* UPCRideiOSUITests.swift */ = {isa = PBXFileReference; lastKnownFileType = sourcecode.swift; path = UPCRideiOSUITests.swift; sourceTree = "<group>"; };
		9E5429132373A7AB00B35C74 /* Info.plist */ = {isa = PBXFileReference; lastKnownFileType = text.plist.xml; path = Info.plist; sourceTree = "<group>"; };
		9E8AF0692373E1670092E289 /* ViajeViewModel.swift */ = {isa = PBXFileReference; lastKnownFileType = sourcecode.swift; path = ViajeViewModel.swift; sourceTree = "<group>"; };
		9E8AF06B23746F160092E289 /* HomeView.swift */ = {isa = PBXFileReference; lastKnownFileType = sourcecode.swift; path = HomeView.swift; sourceTree = "<group>"; };
		9E8AF06D23747CE10092E289 /* ViajesView.swift */ = {isa = PBXFileReference; lastKnownFileType = sourcecode.swift; path = ViajesView.swift; sourceTree = "<group>"; };
		9E8AF06F2374A4410092E289 /* MiViajeCardView.swift */ = {isa = PBXFileReference; lastKnownFileType = sourcecode.swift; path = MiViajeCardView.swift; sourceTree = "<group>"; };
		9E8AF0712374AE220092E289 /* SolicitudCardView.swift */ = {isa = PBXFileReference; lastKnownFileType = sourcecode.swift; path = SolicitudCardView.swift; sourceTree = "<group>"; };
		9E8AF0732374B16A0092E289 /* SolicitudesView.swift */ = {isa = PBXFileReference; lastKnownFileType = sourcecode.swift; path = SolicitudesView.swift; sourceTree = "<group>"; };
		9E8AF0762374B6B20092E289 /* SolicitudPrueba.swift */ = {isa = PBXFileReference; lastKnownFileType = sourcecode.swift; path = SolicitudPrueba.swift; sourceTree = "<group>"; };
		9E8AF0782374B6BF0092E289 /* UsuarioViewModel.swift */ = {isa = PBXFileReference; lastKnownFileType = sourcecode.swift; path = UsuarioViewModel.swift; sourceTree = "<group>"; };
		9E8AF07A2374B9EC0092E289 /* PerfilView.swift */ = {isa = PBXFileReference; lastKnownFileType = sourcecode.swift; path = PerfilView.swift; sourceTree = "<group>"; };
		9E8AF07C2374CE3F0092E289 /* MainView.swift */ = {isa = PBXFileReference; lastKnownFileType = sourcecode.swift; path = MainView.swift; sourceTree = "<group>"; };
		9E8AF07E2374DA0A0092E289 /* LoginView.swift */ = {isa = PBXFileReference; lastKnownFileType = sourcecode.swift; path = LoginView.swift; sourceTree = "<group>"; };
		9ED5BD482373BD8700126CC6 /* ViajeCardView.swift */ = {isa = PBXFileReference; lastKnownFileType = sourcecode.swift; path = ViajeCardView.swift; sourceTree = "<group>"; };
		EC473DEF23753D9700784881 /* ApiServiceViajes.swift */ = {isa = PBXFileReference; lastKnownFileType = sourcecode.swift; path = ApiServiceViajes.swift; sourceTree = "<group>"; };
		EC550E632373D2C100BA11A2 /* Viaje.swift */ = {isa = PBXFileReference; lastKnownFileType = sourcecode.swift; name = Viaje.swift; path = UPCRideiOS/View/Viaje.swift; sourceTree = SOURCE_ROOT; };
		EC550E672373D45F00BA11A2 /* Usuario.swift */ = {isa = PBXFileReference; lastKnownFileType = sourcecode.swift; path = Usuario.swift; sourceTree = "<group>"; };
		EC550E692373D46B00BA11A2 /* Solicitud.swift */ = {isa = PBXFileReference; lastKnownFileType = sourcecode.swift; path = Solicitud.swift; sourceTree = "<group>"; };
		EC550E6B2373D47D00BA11A2 /* Resena.swift */ = {isa = PBXFileReference; lastKnownFileType = sourcecode.swift; path = Resena.swift; sourceTree = "<group>"; };
		EC550E6D2373D95100BA11A2 /* RegistrarUsuarioForm.swift */ = {isa = PBXFileReference; lastKnownFileType = sourcecode.swift; path = RegistrarUsuarioForm.swift; sourceTree = "<group>"; };
		ECC770222374E6CC00DC78EC /* ApiServiceManager.swift */ = {isa = PBXFileReference; lastKnownFileType = sourcecode.swift; path = ApiServiceManager.swift; sourceTree = "<group>"; };
		ECCC6AE92385E08600BA1A72 /* ViajeListViewModel.swift */ = {isa = PBXFileReference; lastKnownFileType = sourcecode.swift; path = ViajeListViewModel.swift; sourceTree = "<group>"; };
		ECCC6AEB2385EB8300BA1A72 /* ApiServiceUsuario.swift */ = {isa = PBXFileReference; lastKnownFileType = sourcecode.swift; path = ApiServiceUsuario.swift; sourceTree = "<group>"; };
		ECCC6AED2385EE3400BA1A72 /* RegistrarUsuarioConductorForm.swift */ = {isa = PBXFileReference; lastKnownFileType = sourcecode.swift; path = RegistrarUsuarioConductorForm.swift; sourceTree = "<group>"; };
/* End PBXFileReference section */

/* Begin PBXFrameworksBuildPhase section */
		9E5428E62373A7A300B35C74 /* Frameworks */ = {
			isa = PBXFrameworksBuildPhase;
			buildActionMask = 2147483647;
			files = (
			);
			runOnlyForDeploymentPostprocessing = 0;
		};
		9E5428FF2373A7AB00B35C74 /* Frameworks */ = {
			isa = PBXFrameworksBuildPhase;
			buildActionMask = 2147483647;
			files = (
			);
			runOnlyForDeploymentPostprocessing = 0;
		};
		9E54290A2373A7AB00B35C74 /* Frameworks */ = {
			isa = PBXFrameworksBuildPhase;
			buildActionMask = 2147483647;
			files = (
			);
			runOnlyForDeploymentPostprocessing = 0;
		};
/* End PBXFrameworksBuildPhase section */

/* Begin PBXGroup section */
		9E5428E02373A7A300B35C74 = {
			isa = PBXGroup;
			children = (
				9E5428EB2373A7A300B35C74 /* UPCRideiOS */,
				9E5429052373A7AB00B35C74 /* UPCRideiOSTests */,
				9E5429102373A7AB00B35C74 /* UPCRideiOSUITests */,
			);
			sourceTree = "<group>";
		};
		9E5428EA2373A7A300B35C74 /* Products */ = {
			isa = PBXGroup;
			children = (
				9E5428E92373A7A300B35C74 /* UPCRideiOS.app */,
				9E5429022373A7AB00B35C74 /* UPCRideiOSTests.xctest */,
				9E54290D2373A7AB00B35C74 /* UPCRideiOSUITests.xctest */,
			);
			name = Products;
			path = ..;
			sourceTree = "<group>";
		};
		9E5428EB2373A7A300B35C74 /* UPCRideiOS */ = {
			isa = PBXGroup;
			children = (
				ECCC6AE82385E03200BA1A72 /* ViewModels */,
				ECC770212374E69300DC78EC /* WebApiService */,
				9E8AF0752374B6860092E289 /* Pruebas */,
				9ED5BD462373BD2300126CC6 /* Model */,
				9ED5BD472373BD4D00126CC6 /* View */,
				9E5428EC2373A7A300B35C74 /* AppDelegate.swift */,
				9E5428EE2373A7A300B35C74 /* SceneDelegate.swift */,
				9E5428F32373A7A300B35C74 /* ContentView.swift */,
				9E5428F52373A7AA00B35C74 /* Assets.xcassets */,
				9E5428FA2373A7AA00B35C74 /* LaunchScreen.storyboard */,
				9E5428FD2373A7AA00B35C74 /* Info.plist */,
				9E5428F02373A7A300B35C74 /* UPCRideiOS.xcdatamodeld */,
				9E5428F72373A7AA00B35C74 /* Preview Content */,
			);
			path = UPCRideiOS;
			sourceTree = "<group>";
		};
		9E5428F72373A7AA00B35C74 /* Preview Content */ = {
			isa = PBXGroup;
			children = (
				9E5428F82373A7AA00B35C74 /* Preview Assets.xcassets */,
			);
			path = "Preview Content";
			sourceTree = "<group>";
		};
		9E5429052373A7AB00B35C74 /* UPCRideiOSTests */ = {
			isa = PBXGroup;
			children = (
				9E5429062373A7AB00B35C74 /* UPCRideiOSTests.swift */,
				9E5429082373A7AB00B35C74 /* Info.plist */,
			);
			path = UPCRideiOSTests;
			sourceTree = "<group>";
		};
		9E5429102373A7AB00B35C74 /* UPCRideiOSUITests */ = {
			isa = PBXGroup;
			children = (
				9E5429112373A7AB00B35C74 /* UPCRideiOSUITests.swift */,
				9E5429132373A7AB00B35C74 /* Info.plist */,
				9E5428EA2373A7A300B35C74 /* Products */,
			);
			path = UPCRideiOSUITests;
			sourceTree = "<group>";
		};
		9E8AF0752374B6860092E289 /* Pruebas */ = {
			isa = PBXGroup;
			children = (
				9E8AF0762374B6B20092E289 /* SolicitudPrueba.swift */,
			);
			path = Pruebas;
			sourceTree = "<group>";
		};
		9ED5BD462373BD2300126CC6 /* Model */ = {
			isa = PBXGroup;
			children = (
				EC550E632373D2C100BA11A2 /* Viaje.swift */,
				EC550E672373D45F00BA11A2 /* Usuario.swift */,
				EC550E692373D46B00BA11A2 /* Solicitud.swift */,
				EC550E6B2373D47D00BA11A2 /* Resena.swift */,
			);
			path = Model;
			sourceTree = "<group>";
		};
		9ED5BD472373BD4D00126CC6 /* View */ = {
			isa = PBXGroup;
			children = (
				9ED5BD482373BD8700126CC6 /* ViajeCardView.swift */,
				EC550E6D2373D95100BA11A2 /* RegistrarUsuarioForm.swift */,
				9E8AF06B23746F160092E289 /* HomeView.swift */,
				9E8AF06D23747CE10092E289 /* ViajesView.swift */,
				9E8AF06F2374A4410092E289 /* MiViajeCardView.swift */,
				9E8AF0712374AE220092E289 /* SolicitudCardView.swift */,
				9E8AF0732374B16A0092E289 /* SolicitudesView.swift */,
				9E8AF07A2374B9EC0092E289 /* PerfilView.swift */,
				9E8AF07C2374CE3F0092E289 /* MainView.swift */,
				9E8AF07E2374DA0A0092E289 /* LoginView.swift */,
				ECCC6AED2385EE3400BA1A72 /* RegistrarUsuarioConductorForm.swift */,
			);
			path = View;
			sourceTree = "<group>";
		};
		ECC770212374E69300DC78EC /* WebApiService */ = {
			isa = PBXGroup;
			children = (
				ECC770222374E6CC00DC78EC /* ApiServiceManager.swift */,
				EC473DEF23753D9700784881 /* ApiServiceViajes.swift */,
				ECCC6AEB2385EB8300BA1A72 /* ApiServiceUsuario.swift */,
			);
			path = WebApiService;
			sourceTree = "<group>";
		};
		ECCC6AE82385E03200BA1A72 /* ViewModels */ = {
			isa = PBXGroup;
			children = (
				9E8AF0782374B6BF0092E289 /* UsuarioViewModel.swift */,
				9E8AF0692373E1670092E289 /* ViajeViewModel.swift */,
				ECCC6AE92385E08600BA1A72 /* ViajeListViewModel.swift */,
			);
			path = ViewModels;
			sourceTree = "<group>";
		};
/* End PBXGroup section */

/* Begin PBXNativeTarget section */
		9E5428E82373A7A300B35C74 /* UPCRideiOS */ = {
			isa = PBXNativeTarget;
			buildConfigurationList = 9E5429162373A7AB00B35C74 /* Build configuration list for PBXNativeTarget "UPCRideiOS" */;
			buildPhases = (
				9E5428E52373A7A300B35C74 /* Sources */,
				9E5428E62373A7A300B35C74 /* Frameworks */,
				9E5428E72373A7A300B35C74 /* Resources */,
			);
			buildRules = (
			);
			dependencies = (
			);
			name = UPCRideiOS;
			productName = UPCRideiOS;
			productReference = 9E5428E92373A7A300B35C74 /* UPCRideiOS.app */;
			productType = "com.apple.product-type.application";
		};
		9E5429012373A7AB00B35C74 /* UPCRideiOSTests */ = {
			isa = PBXNativeTarget;
			buildConfigurationList = 9E5429192373A7AB00B35C74 /* Build configuration list for PBXNativeTarget "UPCRideiOSTests" */;
			buildPhases = (
				9E5428FE2373A7AB00B35C74 /* Sources */,
				9E5428FF2373A7AB00B35C74 /* Frameworks */,
				9E5429002373A7AB00B35C74 /* Resources */,
			);
			buildRules = (
			);
			dependencies = (
				9E5429042373A7AB00B35C74 /* PBXTargetDependency */,
			);
			name = UPCRideiOSTests;
			productName = UPCRideiOSTests;
			productReference = 9E5429022373A7AB00B35C74 /* UPCRideiOSTests.xctest */;
			productType = "com.apple.product-type.bundle.unit-test";
		};
		9E54290C2373A7AB00B35C74 /* UPCRideiOSUITests */ = {
			isa = PBXNativeTarget;
			buildConfigurationList = 9E54291C2373A7AB00B35C74 /* Build configuration list for PBXNativeTarget "UPCRideiOSUITests" */;
			buildPhases = (
				9E5429092373A7AB00B35C74 /* Sources */,
				9E54290A2373A7AB00B35C74 /* Frameworks */,
				9E54290B2373A7AB00B35C74 /* Resources */,
			);
			buildRules = (
			);
			dependencies = (
				9E54290F2373A7AB00B35C74 /* PBXTargetDependency */,
			);
			name = UPCRideiOSUITests;
			productName = UPCRideiOSUITests;
			productReference = 9E54290D2373A7AB00B35C74 /* UPCRideiOSUITests.xctest */;
			productType = "com.apple.product-type.bundle.ui-testing";
		};
/* End PBXNativeTarget section */

/* Begin PBXProject section */
		9E5428E12373A7A300B35C74 /* Project object */ = {
			isa = PBXProject;
			attributes = {
				LastSwiftUpdateCheck = 1120;
				LastUpgradeCheck = 1120;
				ORGANIZATIONNAME = upcride;
				TargetAttributes = {
					9E5428E82373A7A300B35C74 = {
						CreatedOnToolsVersion = 11.2;
					};
					9E5429012373A7AB00B35C74 = {
						CreatedOnToolsVersion = 11.2;
						TestTargetID = 9E5428E82373A7A300B35C74;
					};
					9E54290C2373A7AB00B35C74 = {
						CreatedOnToolsVersion = 11.2;
						TestTargetID = 9E5428E82373A7A300B35C74;
					};
				};
			};
			buildConfigurationList = 9E5428E42373A7A300B35C74 /* Build configuration list for PBXProject "UPCRideiOS" */;
			compatibilityVersion = "Xcode 9.3";
			developmentRegion = en;
			hasScannedForEncodings = 0;
			knownRegions = (
				en,
				Base,
			);
			mainGroup = 9E5428E02373A7A300B35C74;
			productRefGroup = 9E5428EA2373A7A300B35C74 /* Products */;
			projectDirPath = "";
			projectRoot = "";
			targets = (
				9E5428E82373A7A300B35C74 /* UPCRideiOS */,
				9E5429012373A7AB00B35C74 /* UPCRideiOSTests */,
				9E54290C2373A7AB00B35C74 /* UPCRideiOSUITests */,
			);
		};
/* End PBXProject section */

/* Begin PBXResourcesBuildPhase section */
		9E5428E72373A7A300B35C74 /* Resources */ = {
			isa = PBXResourcesBuildPhase;
			buildActionMask = 2147483647;
			files = (
				9E5428FC2373A7AA00B35C74 /* LaunchScreen.storyboard in Resources */,
				9E5428F92373A7AA00B35C74 /* Preview Assets.xcassets in Resources */,
				9E5428F62373A7AA00B35C74 /* Assets.xcassets in Resources */,
			);
			runOnlyForDeploymentPostprocessing = 0;
		};
		9E5429002373A7AB00B35C74 /* Resources */ = {
			isa = PBXResourcesBuildPhase;
			buildActionMask = 2147483647;
			files = (
			);
			runOnlyForDeploymentPostprocessing = 0;
		};
		9E54290B2373A7AB00B35C74 /* Resources */ = {
			isa = PBXResourcesBuildPhase;
			buildActionMask = 2147483647;
			files = (
			);
			runOnlyForDeploymentPostprocessing = 0;
		};
/* End PBXResourcesBuildPhase section */

/* Begin PBXSourcesBuildPhase section */
		9E5428E52373A7A300B35C74 /* Sources */ = {
			isa = PBXSourcesBuildPhase;
			buildActionMask = 2147483647;
			files = (
				ECC770232374E6CC00DC78EC /* ApiServiceManager.swift in Sources */,
				EC550E6E2373D95100BA11A2 /* RegistrarUsuarioForm.swift in Sources */,
				ECCC6AEC2385EB8300BA1A72 /* ApiServiceUsuario.swift in Sources */,
				ECCC6AEA2385E08600BA1A72 /* ViajeListViewModel.swift in Sources */,
				9ED5BD492373BD8700126CC6 /* ViajeCardView.swift in Sources */,
				9E5428F22373A7A300B35C74 /* UPCRideiOS.xcdatamodeld in Sources */,
				9E8AF0742374B16A0092E289 /* SolicitudesView.swift in Sources */,
				EC550E6A2373D46C00BA11A2 /* Solicitud.swift in Sources */,
				EC473DF023753D9700784881 /* ApiServiceViajes.swift in Sources */,
				9E8AF0722374AE220092E289 /* SolicitudCardView.swift in Sources */,
				EC550E682373D45F00BA11A2 /* Usuario.swift in Sources */,
				9E8AF0772374B6B20092E289 /* SolicitudPrueba.swift in Sources */,
				EC550E6C2373D47D00BA11A2 /* Resena.swift in Sources */,
				9E8AF0792374B6BF0092E289 /* UsuarioViewModel.swift in Sources */,
				9E5428ED2373A7A300B35C74 /* AppDelegate.swift in Sources */,
				EC550E642373D2C100BA11A2 /* Viaje.swift in Sources */,
				ECCC6AEE2385EE3400BA1A72 /* RegistrarUsuarioConductorForm.swift in Sources */,
				9E8AF0702374A4410092E289 /* MiViajeCardView.swift in Sources */,
				9E8AF07D2374CE3F0092E289 /* MainView.swift in Sources */,
				9E8AF06E23747CE10092E289 /* ViajesView.swift in Sources */,
				9E8AF07F2374DA0A0092E289 /* LoginView.swift in Sources */,
				9E8AF07B2374B9EC0092E289 /* PerfilView.swift in Sources */,
				9E5428F42373A7A300B35C74 /* ContentView.swift in Sources */,
				9E8AF06C23746F160092E289 /* HomeView.swift in Sources */,
				9E8AF06A2373E1670092E289 /* ViajeViewModel.swift in Sources */,
				9E5428EF2373A7A300B35C74 /* SceneDelegate.swift in Sources */,
			);
			runOnlyForDeploymentPostprocessing = 0;
		};
		9E5428FE2373A7AB00B35C74 /* Sources */ = {
			isa = PBXSourcesBuildPhase;
			buildActionMask = 2147483647;
			files = (
				9E5429072373A7AB00B35C74 /* UPCRideiOSTests.swift in Sources */,
			);
			runOnlyForDeploymentPostprocessing = 0;
		};
		9E5429092373A7AB00B35C74 /* Sources */ = {
			isa = PBXSourcesBuildPhase;
			buildActionMask = 2147483647;
			files = (
				9E5429122373A7AB00B35C74 /* UPCRideiOSUITests.swift in Sources */,
			);
			runOnlyForDeploymentPostprocessing = 0;
		};
/* End PBXSourcesBuildPhase section */

/* Begin PBXTargetDependency section */
		9E5429042373A7AB00B35C74 /* PBXTargetDependency */ = {
			isa = PBXTargetDependency;
			target = 9E5428E82373A7A300B35C74 /* UPCRideiOS */;
			targetProxy = 9E5429032373A7AB00B35C74 /* PBXContainerItemProxy */;
		};
		9E54290F2373A7AB00B35C74 /* PBXTargetDependency */ = {
			isa = PBXTargetDependency;
			target = 9E5428E82373A7A300B35C74 /* UPCRideiOS */;
			targetProxy = 9E54290E2373A7AB00B35C74 /* PBXContainerItemProxy */;
		};
/* End PBXTargetDependency section */

/* Begin PBXVariantGroup section */
		9E5428FA2373A7AA00B35C74 /* LaunchScreen.storyboard */ = {
			isa = PBXVariantGroup;
			children = (
				9E5428FB2373A7AA00B35C74 /* Base */,
			);
			name = LaunchScreen.storyboard;
			sourceTree = "<group>";
		};
/* End PBXVariantGroup section */

/* Begin XCBuildConfiguration section */
		9E5429142373A7AB00B35C74 /* Debug */ = {
			isa = XCBuildConfiguration;
			buildSettings = {
				ALWAYS_SEARCH_USER_PATHS = NO;
				CLANG_ANALYZER_NONNULL = YES;
				CLANG_ANALYZER_NUMBER_OBJECT_CONVERSION = YES_AGGRESSIVE;
				CLANG_CXX_LANGUAGE_STANDARD = "gnu++14";
				CLANG_CXX_LIBRARY = "libc++";
				CLANG_ENABLE_MODULES = YES;
				CLANG_ENABLE_OBJC_ARC = YES;
				CLANG_ENABLE_OBJC_WEAK = YES;
				CLANG_WARN_BLOCK_CAPTURE_AUTORELEASING = YES;
				CLANG_WARN_BOOL_CONVERSION = YES;
				CLANG_WARN_COMMA = YES;
				CLANG_WARN_CONSTANT_CONVERSION = YES;
				CLANG_WARN_DEPRECATED_OBJC_IMPLEMENTATIONS = YES;
				CLANG_WARN_DIRECT_OBJC_ISA_USAGE = YES_ERROR;
				CLANG_WARN_DOCUMENTATION_COMMENTS = YES;
				CLANG_WARN_EMPTY_BODY = YES;
				CLANG_WARN_ENUM_CONVERSION = YES;
				CLANG_WARN_INFINITE_RECURSION = YES;
				CLANG_WARN_INT_CONVERSION = YES;
				CLANG_WARN_NON_LITERAL_NULL_CONVERSION = YES;
				CLANG_WARN_OBJC_IMPLICIT_RETAIN_SELF = YES;
				CLANG_WARN_OBJC_LITERAL_CONVERSION = YES;
				CLANG_WARN_OBJC_ROOT_CLASS = YES_ERROR;
				CLANG_WARN_RANGE_LOOP_ANALYSIS = YES;
				CLANG_WARN_STRICT_PROTOTYPES = YES;
				CLANG_WARN_SUSPICIOUS_MOVE = YES;
				CLANG_WARN_UNGUARDED_AVAILABILITY = YES_AGGRESSIVE;
				CLANG_WARN_UNREACHABLE_CODE = YES;
				CLANG_WARN__DUPLICATE_METHOD_MATCH = YES;
				COPY_PHASE_STRIP = NO;
				DEBUG_INFORMATION_FORMAT = dwarf;
				ENABLE_STRICT_OBJC_MSGSEND = YES;
				ENABLE_TESTABILITY = YES;
				GCC_C_LANGUAGE_STANDARD = gnu11;
				GCC_DYNAMIC_NO_PIC = NO;
				GCC_NO_COMMON_BLOCKS = YES;
				GCC_OPTIMIZATION_LEVEL = 0;
				GCC_PREPROCESSOR_DEFINITIONS = (
					"DEBUG=1",
					"$(inherited)",
				);
				GCC_WARN_64_TO_32_BIT_CONVERSION = YES;
				GCC_WARN_ABOUT_RETURN_TYPE = YES_ERROR;
				GCC_WARN_UNDECLARED_SELECTOR = YES;
				GCC_WARN_UNINITIALIZED_AUTOS = YES_AGGRESSIVE;
				GCC_WARN_UNUSED_FUNCTION = YES;
				GCC_WARN_UNUSED_VARIABLE = YES;
				IPHONEOS_DEPLOYMENT_TARGET = 13.2;
				MTL_ENABLE_DEBUG_INFO = INCLUDE_SOURCE;
				MTL_FAST_MATH = YES;
				ONLY_ACTIVE_ARCH = YES;
				SDKROOT = iphoneos;
				SWIFT_ACTIVE_COMPILATION_CONDITIONS = DEBUG;
				SWIFT_OPTIMIZATION_LEVEL = "-Onone";
			};
			name = Debug;
		};
		9E5429152373A7AB00B35C74 /* Release */ = {
			isa = XCBuildConfiguration;
			buildSettings = {
				ALWAYS_SEARCH_USER_PATHS = NO;
				CLANG_ANALYZER_NONNULL = YES;
				CLANG_ANALYZER_NUMBER_OBJECT_CONVERSION = YES_AGGRESSIVE;
				CLANG_CXX_LANGUAGE_STANDARD = "gnu++14";
				CLANG_CXX_LIBRARY = "libc++";
				CLANG_ENABLE_MODULES = YES;
				CLANG_ENABLE_OBJC_ARC = YES;
				CLANG_ENABLE_OBJC_WEAK = YES;
				CLANG_WARN_BLOCK_CAPTURE_AUTORELEASING = YES;
				CLANG_WARN_BOOL_CONVERSION = YES;
				CLANG_WARN_COMMA = YES;
				CLANG_WARN_CONSTANT_CONVERSION = YES;
				CLANG_WARN_DEPRECATED_OBJC_IMPLEMENTATIONS = YES;
				CLANG_WARN_DIRECT_OBJC_ISA_USAGE = YES_ERROR;
				CLANG_WARN_DOCUMENTATION_COMMENTS = YES;
				CLANG_WARN_EMPTY_BODY = YES;
				CLANG_WARN_ENUM_CONVERSION = YES;
				CLANG_WARN_INFINITE_RECURSION = YES;
				CLANG_WARN_INT_CONVERSION = YES;
				CLANG_WARN_NON_LITERAL_NULL_CONVERSION = YES;
				CLANG_WARN_OBJC_IMPLICIT_RETAIN_SELF = YES;
				CLANG_WARN_OBJC_LITERAL_CONVERSION = YES;
				CLANG_WARN_OBJC_ROOT_CLASS = YES_ERROR;
				CLANG_WARN_RANGE_LOOP_ANALYSIS = YES;
				CLANG_WARN_STRICT_PROTOTYPES = YES;
				CLANG_WARN_SUSPICIOUS_MOVE = YES;
				CLANG_WARN_UNGUARDED_AVAILABILITY = YES_AGGRESSIVE;
				CLANG_WARN_UNREACHABLE_CODE = YES;
				CLANG_WARN__DUPLICATE_METHOD_MATCH = YES;
				COPY_PHASE_STRIP = NO;
				DEBUG_INFORMATION_FORMAT = "dwarf-with-dsym";
				ENABLE_NS_ASSERTIONS = NO;
				ENABLE_STRICT_OBJC_MSGSEND = YES;
				GCC_C_LANGUAGE_STANDARD = gnu11;
				GCC_NO_COMMON_BLOCKS = YES;
				GCC_WARN_64_TO_32_BIT_CONVERSION = YES;
				GCC_WARN_ABOUT_RETURN_TYPE = YES_ERROR;
				GCC_WARN_UNDECLARED_SELECTOR = YES;
				GCC_WARN_UNINITIALIZED_AUTOS = YES_AGGRESSIVE;
				GCC_WARN_UNUSED_FUNCTION = YES;
				GCC_WARN_UNUSED_VARIABLE = YES;
				IPHONEOS_DEPLOYMENT_TARGET = 13.2;
				MTL_ENABLE_DEBUG_INFO = NO;
				MTL_FAST_MATH = YES;
				SDKROOT = iphoneos;
				SWIFT_COMPILATION_MODE = wholemodule;
				SWIFT_OPTIMIZATION_LEVEL = "-O";
				VALIDATE_PRODUCT = YES;
			};
			name = Release;
		};
		9E5429172373A7AB00B35C74 /* Debug */ = {
			isa = XCBuildConfiguration;
			buildSettings = {
				ASSETCATALOG_COMPILER_APPICON_NAME = AppIcon;
				CODE_SIGN_STYLE = Automatic;
				DEVELOPMENT_ASSET_PATHS = "\"UPCRideiOS/Preview Content\"";
				DEVELOPMENT_TEAM = 8468U436K8;
				ENABLE_PREVIEWS = YES;
				INFOPLIST_FILE = UPCRideiOS/Info.plist;
				IPHONEOS_DEPLOYMENT_TARGET = 13.1;
				LD_RUNPATH_SEARCH_PATHS = (
					"$(inherited)",
					"@executable_path/Frameworks",
				);
				PRODUCT_BUNDLE_IDENTIFIER = pe.edu.upc.UPCRideiOS;
				PRODUCT_NAME = "$(TARGET_NAME)";
				SWIFT_VERSION = 5.0;
				TARGETED_DEVICE_FAMILY = "1,2";
			};
			name = Debug;
		};
		9E5429182373A7AB00B35C74 /* Release */ = {
			isa = XCBuildConfiguration;
			buildSettings = {
				ASSETCATALOG_COMPILER_APPICON_NAME = AppIcon;
				CODE_SIGN_STYLE = Automatic;
				DEVELOPMENT_ASSET_PATHS = "\"UPCRideiOS/Preview Content\"";
				DEVELOPMENT_TEAM = 8468U436K8;
				ENABLE_PREVIEWS = YES;
				INFOPLIST_FILE = UPCRideiOS/Info.plist;
				IPHONEOS_DEPLOYMENT_TARGET = 13.1;
				LD_RUNPATH_SEARCH_PATHS = (
					"$(inherited)",
					"@executable_path/Frameworks",
				);
				PRODUCT_BUNDLE_IDENTIFIER = pe.edu.upc.UPCRideiOS;
				PRODUCT_NAME = "$(TARGET_NAME)";
				SWIFT_VERSION = 5.0;
				TARGETED_DEVICE_FAMILY = "1,2";
			};
			name = Release;
		};
		9E54291A2373A7AB00B35C74 /* Debug */ = {
			isa = XCBuildConfiguration;
			buildSettings = {
				ALWAYS_EMBED_SWIFT_STANDARD_LIBRARIES = YES;
				BUNDLE_LOADER = "$(TEST_HOST)";
				CODE_SIGN_STYLE = Automatic;
				INFOPLIST_FILE = UPCRideiOSTests/Info.plist;
				IPHONEOS_DEPLOYMENT_TARGET = 13.1;
				LD_RUNPATH_SEARCH_PATHS = (
					"$(inherited)",
					"@executable_path/Frameworks",
					"@loader_path/Frameworks",
				);
				PRODUCT_BUNDLE_IDENTIFIER = UPC.UPCRideiOSTests;
				PRODUCT_NAME = "$(TARGET_NAME)";
				SWIFT_VERSION = 5.0;
				TARGETED_DEVICE_FAMILY = "1,2";
				TEST_HOST = "$(BUILT_PRODUCTS_DIR)/UPCRideiOS.app/UPCRideiOS";
			};
			name = Debug;
		};
		9E54291B2373A7AB00B35C74 /* Release */ = {
			isa = XCBuildConfiguration;
			buildSettings = {
				ALWAYS_EMBED_SWIFT_STANDARD_LIBRARIES = YES;
				BUNDLE_LOADER = "$(TEST_HOST)";
				CODE_SIGN_STYLE = Automatic;
				INFOPLIST_FILE = UPCRideiOSTests/Info.plist;
				IPHONEOS_DEPLOYMENT_TARGET = 13.1;
				LD_RUNPATH_SEARCH_PATHS = (
					"$(inherited)",
					"@executable_path/Frameworks",
					"@loader_path/Frameworks",
				);
				PRODUCT_BUNDLE_IDENTIFIER = UPC.UPCRideiOSTests;
				PRODUCT_NAME = "$(TARGET_NAME)";
				SWIFT_VERSION = 5.0;
				TARGETED_DEVICE_FAMILY = "1,2";
				TEST_HOST = "$(BUILT_PRODUCTS_DIR)/UPCRideiOS.app/UPCRideiOS";
			};
			name = Release;
		};
		9E54291D2373A7AB00B35C74 /* Debug */ = {
			isa = XCBuildConfiguration;
			buildSettings = {
				ALWAYS_EMBED_SWIFT_STANDARD_LIBRARIES = YES;
				CODE_SIGN_STYLE = Automatic;
				INFOPLIST_FILE = UPCRideiOSUITests/Info.plist;
				IPHONEOS_DEPLOYMENT_TARGET = 13.1;
				LD_RUNPATH_SEARCH_PATHS = (
					"$(inherited)",
					"@executable_path/Frameworks",
					"@loader_path/Frameworks",
				);
				PRODUCT_BUNDLE_IDENTIFIER = UPC.UPCRideiOSUITests;
				PRODUCT_NAME = "$(TARGET_NAME)";
				SWIFT_VERSION = 5.0;
				TARGETED_DEVICE_FAMILY = "1,2";
				TEST_TARGET_NAME = UPCRideiOS;
			};
			name = Debug;
		};
		9E54291E2373A7AB00B35C74 /* Release */ = {
			isa = XCBuildConfiguration;
			buildSettings = {
				ALWAYS_EMBED_SWIFT_STANDARD_LIBRARIES = YES;
				CODE_SIGN_STYLE = Automatic;
				INFOPLIST_FILE = UPCRideiOSUITests/Info.plist;
				IPHONEOS_DEPLOYMENT_TARGET = 13.1;
				LD_RUNPATH_SEARCH_PATHS = (
					"$(inherited)",
					"@executable_path/Frameworks",
					"@loader_path/Frameworks",
				);
				PRODUCT_BUNDLE_IDENTIFIER = UPC.UPCRideiOSUITests;
				PRODUCT_NAME = "$(TARGET_NAME)";
				SWIFT_VERSION = 5.0;
				TARGETED_DEVICE_FAMILY = "1,2";
				TEST_TARGET_NAME = UPCRideiOS;
			};
			name = Release;
		};
/* End XCBuildConfiguration section */

/* Begin XCConfigurationList section */
		9E5428E42373A7A300B35C74 /* Build configuration list for PBXProject "UPCRideiOS" */ = {
			isa = XCConfigurationList;
			buildConfigurations = (
				9E5429142373A7AB00B35C74 /* Debug */,
				9E5429152373A7AB00B35C74 /* Release */,
			);
			defaultConfigurationIsVisible = 0;
			defaultConfigurationName = Release;
		};
		9E5429162373A7AB00B35C74 /* Build configuration list for PBXNativeTarget "UPCRideiOS" */ = {
			isa = XCConfigurationList;
			buildConfigurations = (
				9E5429172373A7AB00B35C74 /* Debug */,
				9E5429182373A7AB00B35C74 /* Release */,
			);
			defaultConfigurationIsVisible = 0;
			defaultConfigurationName = Release;
		};
		9E5429192373A7AB00B35C74 /* Build configuration list for PBXNativeTarget "UPCRideiOSTests" */ = {
			isa = XCConfigurationList;
			buildConfigurations = (
				9E54291A2373A7AB00B35C74 /* Debug */,
				9E54291B2373A7AB00B35C74 /* Release */,
			);
			defaultConfigurationIsVisible = 0;
			defaultConfigurationName = Release;
		};
		9E54291C2373A7AB00B35C74 /* Build configuration list for PBXNativeTarget "UPCRideiOSUITests" */ = {
			isa = XCConfigurationList;
			buildConfigurations = (
				9E54291D2373A7AB00B35C74 /* Debug */,
				9E54291E2373A7AB00B35C74 /* Release */,
			);
			defaultConfigurationIsVisible = 0;
			defaultConfigurationName = Release;
		};
/* End XCConfigurationList section */

/* Begin XCVersionGroup section */
		9E5428F02373A7A300B35C74 /* UPCRideiOS.xcdatamodeld */ = {
			isa = XCVersionGroup;
			children = (
				9E5428F12373A7A300B35C74 /* UPCRideiOS.xcdatamodel */,
			);
			currentVersion = 9E5428F12373A7A300B35C74 /* UPCRideiOS.xcdatamodel */;
			path = UPCRideiOS.xcdatamodeld;
			sourceTree = "<group>";
			versionGroupType = wrapper.xcdatamodel;
		};
/* End XCVersionGroup section */
	};
	rootObject = 9E5428E12373A7A300B35C74 /* Project object */;
}
